// !$*UTF8*$!
{
	archiveVersion = 1;
	classes = {
	};
	objectVersion = 55;
	objects = {

/* Begin PBXBuildFile section */
		1D36A9BB283F8CB900494F39 /* AppDelegate.swift in Sources */ = {isa = PBXBuildFile; fileRef = 1D36A9BA283F8CB900494F39 /* AppDelegate.swift */; };
		1D36A9BD283F8CB900494F39 /* SceneDelegate.swift in Sources */ = {isa = PBXBuildFile; fileRef = 1D36A9BC283F8CB900494F39 /* SceneDelegate.swift */; };
		1D36A9C2283F8CB900494F39 /* Main.storyboard in Resources */ = {isa = PBXBuildFile; fileRef = 1D36A9C0283F8CB900494F39 /* Main.storyboard */; };
		1D36A9C4283F8CB900494F39 /* Assets.xcassets in Resources */ = {isa = PBXBuildFile; fileRef = 1D36A9C3283F8CB900494F39 /* Assets.xcassets */; };
		1D36A9C7283F8CB900494F39 /* LaunchScreen.storyboard in Resources */ = {isa = PBXBuildFile; fileRef = 1D36A9C5283F8CB900494F39 /* LaunchScreen.storyboard */; };
		1D36A9CF283F8CC200494F39 /* TaskDescription.swift in Sources */ = {isa = PBXBuildFile; fileRef = 1D36A9CE283F8CC200494F39 /* TaskDescription.swift */; };
		1D36A9D5283F8D5A00494F39 /* NetworkManager.swift in Sources */ = {isa = PBXBuildFile; fileRef = 1D36A9D4283F8D5A00494F39 /* NetworkManager.swift */; };
		1D36A9D8283F8F7200494F39 /* DataModel.swift in Sources */ = {isa = PBXBuildFile; fileRef = 1D36A9D7283F8F7200494F39 /* DataModel.swift */; };
		1DC80E062840D20400D4BDE8 /* MainTableViewModel.swift in Sources */ = {isa = PBXBuildFile; fileRef = 1DC80E052840D20400D4BDE8 /* MainTableViewModel.swift */; };
		1DC80E0B2840D27500D4BDE8 /* PictureViewModel.swift in Sources */ = {isa = PBXBuildFile; fileRef = 1DC80E0A2840D27500D4BDE8 /* PictureViewModel.swift */; };
		1DC80E0D2840D27D00D4BDE8 /* SelectorViewModel.swift in Sources */ = {isa = PBXBuildFile; fileRef = 1DC80E0C2840D27D00D4BDE8 /* SelectorViewModel.swift */; };
		1DE11D83283FE69D002A48A3 /* MainTableViewController.swift in Sources */ = {isa = PBXBuildFile; fileRef = 1DE11D82283FE69D002A48A3 /* MainTableViewController.swift */; };
		1DE700CF28400EFA00EA3BEC /* PictureViewController.swift in Sources */ = {isa = PBXBuildFile; fileRef = 1DE700CE28400EFA00EA3BEC /* PictureViewController.swift */; };
		1DE700D3284010A800EA3BEC /* SelectorTableViewController.swift in Sources */ = {isa = PBXBuildFile; fileRef = 1DE700D2284010A800EA3BEC /* SelectorTableViewController.swift */; };
/* End PBXBuildFile section */

/* Begin PBXFileReference section */
		1D36A9B7283F8CB900494F39 /* TestForWork.app */ = {isa = PBXFileReference; explicitFileType = wrapper.application; includeInIndex = 0; path = TestForWork.app; sourceTree = BUILT_PRODUCTS_DIR; };
		1D36A9BA283F8CB900494F39 /* AppDelegate.swift */ = {isa = PBXFileReference; lastKnownFileType = sourcecode.swift; path = AppDelegate.swift; sourceTree = "<group>"; };
		1D36A9BC283F8CB900494F39 /* SceneDelegate.swift */ = {isa = PBXFileReference; lastKnownFileType = sourcecode.swift; path = SceneDelegate.swift; sourceTree = "<group>"; };
		1D36A9C1283F8CB900494F39 /* Base */ = {isa = PBXFileReference; lastKnownFileType = file.storyboard; name = Base; path = Base.lproj/Main.storyboard; sourceTree = "<group>"; };
		1D36A9C3283F8CB900494F39 /* Assets.xcassets */ = {isa = PBXFileReference; lastKnownFileType = folder.assetcatalog; path = Assets.xcassets; sourceTree = "<group>"; };
		1D36A9C6283F8CB900494F39 /* Base */ = {isa = PBXFileReference; lastKnownFileType = file.storyboard; name = Base; path = Base.lproj/LaunchScreen.storyboard; sourceTree = "<group>"; };
		1D36A9C8283F8CB900494F39 /* Info.plist */ = {isa = PBXFileReference; lastKnownFileType = text.plist.xml; path = Info.plist; sourceTree = "<group>"; };
		1D36A9CE283F8CC200494F39 /* TaskDescription.swift */ = {isa = PBXFileReference; lastKnownFileType = sourcecode.swift; path = TaskDescription.swift; sourceTree = "<group>"; };
		1D36A9D4283F8D5A00494F39 /* NetworkManager.swift */ = {isa = PBXFileReference; lastKnownFileType = sourcecode.swift; path = NetworkManager.swift; sourceTree = "<group>"; };
		1D36A9D7283F8F7200494F39 /* DataModel.swift */ = {isa = PBXFileReference; lastKnownFileType = sourcecode.swift; path = DataModel.swift; sourceTree = "<group>"; };
		1DC80E052840D20400D4BDE8 /* MainTableViewModel.swift */ = {isa = PBXFileReference; lastKnownFileType = sourcecode.swift; path = MainTableViewModel.swift; sourceTree = "<group>"; };
		1DC80E0A2840D27500D4BDE8 /* PictureViewModel.swift */ = {isa = PBXFileReference; lastKnownFileType = sourcecode.swift; path = PictureViewModel.swift; sourceTree = "<group>"; };
		1DC80E0C2840D27D00D4BDE8 /* SelectorViewModel.swift */ = {isa = PBXFileReference; lastKnownFileType = sourcecode.swift; path = SelectorViewModel.swift; sourceTree = "<group>"; };
		1DE11D82283FE69D002A48A3 /* MainTableViewController.swift */ = {isa = PBXFileReference; lastKnownFileType = sourcecode.swift; path = MainTableViewController.swift; sourceTree = "<group>"; };
		1DE700CE28400EFA00EA3BEC /* PictureViewController.swift */ = {isa = PBXFileReference; lastKnownFileType = sourcecode.swift; path = PictureViewController.swift; sourceTree = "<group>"; };
		1DE700D2284010A800EA3BEC /* SelectorTableViewController.swift */ = {isa = PBXFileReference; lastKnownFileType = sourcecode.swift; path = SelectorTableViewController.swift; sourceTree = "<group>"; };
/* End PBXFileReference section */

/* Begin PBXFrameworksBuildPhase section */
		1D36A9B4283F8CB900494F39 /* Frameworks */ = {
			isa = PBXFrameworksBuildPhase;
			buildActionMask = 2147483647;
			files = (
			);
			runOnlyForDeploymentPostprocessing = 0;
		};
/* End PBXFrameworksBuildPhase section */

/* Begin PBXGroup section */
		1D36A9AE283F8CB900494F39 = {
			isa = PBXGroup;
			children = (
				1D36A9B9283F8CB900494F39 /* TestForWork */,
				1D36A9B8283F8CB900494F39 /* Products */,
			);
			sourceTree = "<group>";
		};
		1D36A9B8283F8CB900494F39 /* Products */ = {
			isa = PBXGroup;
			children = (
				1D36A9B7283F8CB900494F39 /* TestForWork.app */,
			);
			name = Products;
			sourceTree = "<group>";
		};
		1D36A9B9283F8CB900494F39 /* TestForWork */ = {
			isa = PBXGroup;
			children = (
				1D36A9D0283F8D1200494F39 /* SupportingFiles */,
				1D36A9D9283F8F7500494F39 /* Models */,
				1D36A9D6283F8D6000494F39 /* Services */,
				1D36A9D3283F8D4400494F39 /* ViewControllers */,
				1D36A9D1283F8D3600494F39 /* Storyboards */,
				1D36A9D2283F8D3C00494F39 /* Resource */,
			);
			path = TestForWork;
			sourceTree = "<group>";
		};
		1D36A9D0283F8D1200494F39 /* SupportingFiles */ = {
			isa = PBXGroup;
			children = (
				1D36A9BA283F8CB900494F39 /* AppDelegate.swift */,
				1D36A9BC283F8CB900494F39 /* SceneDelegate.swift */,
				1D36A9C8283F8CB900494F39 /* Info.plist */,
				1D36A9CE283F8CC200494F39 /* TaskDescription.swift */,
			);
			path = SupportingFiles;
			sourceTree = "<group>";
		};
		1D36A9D1283F8D3600494F39 /* Storyboards */ = {
			isa = PBXGroup;
			children = (
				1D36A9C0283F8CB900494F39 /* Main.storyboard */,
				1D36A9C5283F8CB900494F39 /* LaunchScreen.storyboard */,
			);
			path = Storyboards;
			sourceTree = "<group>";
		};
		1D36A9D2283F8D3C00494F39 /* Resource */ = {
			isa = PBXGroup;
			children = (
				1D36A9C3283F8CB900494F39 /* Assets.xcassets */,
			);
			path = Resource;
			sourceTree = "<group>";
		};
		1D36A9D3283F8D4400494F39 /* ViewControllers */ = {
			isa = PBXGroup;
			children = (
				1DC80E072840D20C00D4BDE8 /* MainScreen - TableViewController */,
				1DC80E082840D25700D4BDE8 /* Picture */,
				1DC80E092840D26600D4BDE8 /* Selector */,
			);
			path = ViewControllers;
			sourceTree = "<group>";
		};
		1D36A9D6283F8D6000494F39 /* Services */ = {
			isa = PBXGroup;
			children = (
				1D36A9D4283F8D5A00494F39 /* NetworkManager.swift */,
			);
			path = Services;
			sourceTree = "<group>";
		};
		1D36A9D9283F8F7500494F39 /* Models */ = {
			isa = PBXGroup;
			children = (
				1D36A9D7283F8F7200494F39 /* DataModel.swift */,
			);
			path = Models;
			sourceTree = "<group>";
		};
		1DC80E072840D20C00D4BDE8 /* MainScreen - TableViewController */ = {
			isa = PBXGroup;
			children = (
				1DE11D82283FE69D002A48A3 /* MainTableViewController.swift */,
				1DC80E052840D20400D4BDE8 /* MainTableViewModel.swift */,
			);
			path = "MainScreen - TableViewController";
			sourceTree = "<group>";
		};
		1DC80E082840D25700D4BDE8 /* Picture */ = {
			isa = PBXGroup;
			children = (
				1DE700CE28400EFA00EA3BEC /* PictureViewController.swift */,
				1DC80E0A2840D27500D4BDE8 /* PictureViewModel.swift */,
			);
			path = Picture;
			sourceTree = "<group>";
		};
		1DC80E092840D26600D4BDE8 /* Selector */ = {
			isa = PBXGroup;
			children = (
				1DE700D2284010A800EA3BEC /* SelectorTableViewController.swift */,
				1DC80E0C2840D27D00D4BDE8 /* SelectorViewModel.swift */,
			);
			path = Selector;
			sourceTree = "<group>";
		};
/* End PBXGroup section */

/* Begin PBXNativeTarget section */
		1D36A9B6283F8CB900494F39 /* TestForWork */ = {
			isa = PBXNativeTarget;
			buildConfigurationList = 1D36A9CB283F8CB900494F39 /* Build configuration list for PBXNativeTarget "TestForWork" */;
			buildPhases = (
				1D36A9B3283F8CB900494F39 /* Sources */,
				1D36A9B4283F8CB900494F39 /* Frameworks */,
				1D36A9B5283F8CB900494F39 /* Resources */,
			);
			buildRules = (
			);
			dependencies = (
			);
			name = TestForWork;
			productName = TestForWork;
			productReference = 1D36A9B7283F8CB900494F39 /* TestForWork.app */;
			productType = "com.apple.product-type.application";
		};
/* End PBXNativeTarget section */

/* Begin PBXProject section */
		1D36A9AF283F8CB900494F39 /* Project object */ = {
			isa = PBXProject;
			attributes = {
				BuildIndependentTargetsInParallel = 1;
				LastSwiftUpdateCheck = 1340;
				LastUpgradeCheck = 1340;
				TargetAttributes = {
					1D36A9B6283F8CB900494F39 = {
						CreatedOnToolsVersion = 13.4;
					};
				};
			};
			buildConfigurationList = 1D36A9B2283F8CB900494F39 /* Build configuration list for PBXProject "TestForWork" */;
			compatibilityVersion = "Xcode 13.0";
			developmentRegion = en;
			hasScannedForEncodings = 0;
			knownRegions = (
				en,
				Base,
			);
			mainGroup = 1D36A9AE283F8CB900494F39;
			productRefGroup = 1D36A9B8283F8CB900494F39 /* Products */;
			projectDirPath = "";
			projectRoot = "";
			targets = (
				1D36A9B6283F8CB900494F39 /* TestForWork */,
			);
		};
/* End PBXProject section */

/* Begin PBXResourcesBuildPhase section */
		1D36A9B5283F8CB900494F39 /* Resources */ = {
			isa = PBXResourcesBuildPhase;
			buildActionMask = 2147483647;
			files = (
				1D36A9C7283F8CB900494F39 /* LaunchScreen.storyboard in Resources */,
				1D36A9C4283F8CB900494F39 /* Assets.xcassets in Resources */,
				1D36A9C2283F8CB900494F39 /* Main.storyboard in Resources */,
			);
			runOnlyForDeploymentPostprocessing = 0;
		};
/* End PBXResourcesBuildPhase section */

/* Begin PBXSourcesBuildPhase section */
		1D36A9B3283F8CB900494F39 /* Sources */ = {
			isa = PBXSourcesBuildPhase;
			buildActionMask = 2147483647;
			files = (
				1DE11D83283FE69D002A48A3 /* MainTableViewController.swift in Sources */,
				1DC80E0D2840D27D00D4BDE8 /* SelectorViewModel.swift in Sources */,
				1DC80E0B2840D27500D4BDE8 /* PictureViewModel.swift in Sources */,
				1D36A9CF283F8CC200494F39 /* TaskDescription.swift in Sources */,
				1D36A9D5283F8D5A00494F39 /* NetworkManager.swift in Sources */,
				1D36A9BB283F8CB900494F39 /* AppDelegate.swift in Sources */,
				1D36A9BD283F8CB900494F39 /* SceneDelegate.swift in Sources */,
				1DE700D3284010A800EA3BEC /* SelectorTableViewController.swift in Sources */,
				1DC80E062840D20400D4BDE8 /* MainTableViewModel.swift in Sources */,
				1D36A9D8283F8F7200494F39 /* DataModel.swift in Sources */,
				1DE700CF28400EFA00EA3BEC /* PictureViewController.swift in Sources */,
			);
			runOnlyForDeploymentPostprocessing = 0;
		};
/* End PBXSourcesBuildPhase section */

/* Begin PBXVariantGroup section */
		1D36A9C0283F8CB900494F39 /* Main.storyboard */ = {
			isa = PBXVariantGroup;
			children = (
				1D36A9C1283F8CB900494F39 /* Base */,
			);
			name = Main.storyboard;
			sourceTree = "<group>";
		};
		1D36A9C5283F8CB900494F39 /* LaunchScreen.storyboard */ = {
			isa = PBXVariantGroup;
			children = (
				1D36A9C6283F8CB900494F39 /* Base */,
			);
			name = LaunchScreen.storyboard;
			sourceTree = "<group>";
		};
/* End PBXVariantGroup section */

/* Begin XCBuildConfiguration section */
		1D36A9C9283F8CB900494F39 /* Debug */ = {
			isa = XCBuildConfiguration;
			buildSettings = {
				ALWAYS_SEARCH_USER_PATHS = NO;
				CLANG_ANALYZER_NONNULL = YES;
				CLANG_ANALYZER_NUMBER_OBJECT_CONVERSION = YES_AGGRESSIVE;
				CLANG_CXX_LANGUAGE_STANDARD = "gnu++17";
				CLANG_ENABLE_MODULES = YES;
				CLANG_ENABLE_OBJC_ARC = YES;
				CLANG_ENABLE_OBJC_WEAK = YES;
				CLANG_WARN_BLOCK_CAPTURE_AUTORELEASING = YES;
				CLANG_WARN_BOOL_CONVERSION = YES;
				CLANG_WARN_COMMA = YES;
				CLANG_WARN_CONSTANT_CONVERSION = YES;
				CLANG_WARN_DEPRECATED_OBJC_IMPLEMENTATIONS = YES;
				CLANG_WARN_DIRECT_OBJC_ISA_USAGE = YES_ERROR;
				CLANG_WARN_DOCUMENTATION_COMMENTS = YES;
				CLANG_WARN_EMPTY_BODY = YES;
				CLANG_WARN_ENUM_CONVERSION = YES;
				CLANG_WARN_INFINITE_RECURSION = YES;
				CLANG_WARN_INT_CONVERSION = YES;
				CLANG_WARN_NON_LITERAL_NULL_CONVERSION = YES;
				CLANG_WARN_OBJC_IMPLICIT_RETAIN_SELF = YES;
				CLANG_WARN_OBJC_LITERAL_CONVERSION = YES;
				CLANG_WARN_OBJC_ROOT_CLASS = YES_ERROR;
				CLANG_WARN_QUOTED_INCLUDE_IN_FRAMEWORK_HEADER = YES;
				CLANG_WARN_RANGE_LOOP_ANALYSIS = YES;
				CLANG_WARN_STRICT_PROTOTYPES = YES;
				CLANG_WARN_SUSPICIOUS_MOVE = YES;
				CLANG_WARN_UNGUARDED_AVAILABILITY = YES_AGGRESSIVE;
				CLANG_WARN_UNREACHABLE_CODE = YES;
				CLANG_WARN__DUPLICATE_METHOD_MATCH = YES;
				COPY_PHASE_STRIP = NO;
				DEBUG_INFORMATION_FORMAT = dwarf;
				ENABLE_STRICT_OBJC_MSGSEND = YES;
				ENABLE_TESTABILITY = YES;
				GCC_C_LANGUAGE_STANDARD = gnu11;
				GCC_DYNAMIC_NO_PIC = NO;
				GCC_NO_COMMON_BLOCKS = YES;
				GCC_OPTIMIZATION_LEVEL = 0;
				GCC_PREPROCESSOR_DEFINITIONS = (
					"DEBUG=1",
					"$(inherited)",
				);
				GCC_WARN_64_TO_32_BIT_CONVERSION = YES;
				GCC_WARN_ABOUT_RETURN_TYPE = YES_ERROR;
				GCC_WARN_UNDECLARED_SELECTOR = YES;
				GCC_WARN_UNINITIALIZED_AUTOS = YES_AGGRESSIVE;
				GCC_WARN_UNUSED_FUNCTION = YES;
				GCC_WARN_UNUSED_VARIABLE = YES;
				IPHONEOS_DEPLOYMENT_TARGET = 15.5;
				MTL_ENABLE_DEBUG_INFO = INCLUDE_SOURCE;
				MTL_FAST_MATH = YES;
				ONLY_ACTIVE_ARCH = YES;
				SDKROOT = iphoneos;
				SWIFT_ACTIVE_COMPILATION_CONDITIONS = DEBUG;
				SWIFT_OPTIMIZATION_LEVEL = "-Onone";
			};
			name = Debug;
		};
		1D36A9CA283F8CB900494F39 /* Release */ = {
			isa = XCBuildConfiguration;
			buildSettings = {
				ALWAYS_SEARCH_USER_PATHS = NO;
				CLANG_ANALYZER_NONNULL = YES;
				CLANG_ANALYZER_NUMBER_OBJECT_CONVERSION = YES_AGGRESSIVE;
				CLANG_CXX_LANGUAGE_STANDARD = "gnu++17";
				CLANG_ENABLE_MODULES = YES;
				CLANG_ENABLE_OBJC_ARC = YES;
				CLANG_ENABLE_OBJC_WEAK = YES;
				CLANG_WARN_BLOCK_CAPTURE_AUTORELEASING = YES;
				CLANG_WARN_BOOL_CONVERSION = YES;
				CLANG_WARN_COMMA = YES;
				CLANG_WARN_CONSTANT_CONVERSION = YES;
				CLANG_WARN_DEPRECATED_OBJC_IMPLEMENTATIONS = YES;
				CLANG_WARN_DIRECT_OBJC_ISA_USAGE = YES_ERROR;
				CLANG_WARN_DOCUMENTATION_COMMENTS = YES;
				CLANG_WARN_EMPTY_BODY = YES;
				CLANG_WARN_ENUM_CONVERSION = YES;
				CLANG_WARN_INFINITE_RECURSION = YES;
				CLANG_WARN_INT_CONVERSION = YES;
				CLANG_WARN_NON_LITERAL_NULL_CONVERSION = YES;
				CLANG_WARN_OBJC_IMPLICIT_RETAIN_SELF = YES;
				CLANG_WARN_OBJC_LITERAL_CONVERSION = YES;
				CLANG_WARN_OBJC_ROOT_CLASS = YES_ERROR;
				CLANG_WARN_QUOTED_INCLUDE_IN_FRAMEWORK_HEADER = YES;
				CLANG_WARN_RANGE_LOOP_ANALYSIS = YES;
				CLANG_WARN_STRICT_PROTOTYPES = YES;
				CLANG_WARN_SUSPICIOUS_MOVE = YES;
				CLANG_WARN_UNGUARDED_AVAILABILITY = YES_AGGRESSIVE;
				CLANG_WARN_UNREACHABLE_CODE = YES;
				CLANG_WARN__DUPLICATE_METHOD_MATCH = YES;
				COPY_PHASE_STRIP = NO;
				DEBUG_INFORMATION_FORMAT = "dwarf-with-dsym";
				ENABLE_NS_ASSERTIONS = NO;
				ENABLE_STRICT_OBJC_MSGSEND = YES;
				GCC_C_LANGUAGE_STANDARD = gnu11;
				GCC_NO_COMMON_BLOCKS = YES;
				GCC_WARN_64_TO_32_BIT_CONVERSION = YES;
				GCC_WARN_ABOUT_RETURN_TYPE = YES_ERROR;
				GCC_WARN_UNDECLARED_SELECTOR = YES;
				GCC_WARN_UNINITIALIZED_AUTOS = YES_AGGRESSIVE;
				GCC_WARN_UNUSED_FUNCTION = YES;
				GCC_WARN_UNUSED_VARIABLE = YES;
				IPHONEOS_DEPLOYMENT_TARGET = 15.5;
				MTL_ENABLE_DEBUG_INFO = NO;
				MTL_FAST_MATH = YES;
				SDKROOT = iphoneos;
				SWIFT_COMPILATION_MODE = wholemodule;
				SWIFT_OPTIMIZATION_LEVEL = "-O";
				VALIDATE_PRODUCT = YES;
			};
			name = Release;
		};
		1D36A9CC283F8CB900494F39 /* Debug */ = {
			isa = XCBuildConfiguration;
			buildSettings = {
				ASSETCATALOG_COMPILER_APPICON_NAME = AppIcon;
				ASSETCATALOG_COMPILER_GLOBAL_ACCENT_COLOR_NAME = AccentColor;
				CODE_SIGN_STYLE = Automatic;
				CURRENT_PROJECT_VERSION = 1;
				DEVELOPMENT_TEAM = JFBLHQ46UV;
				GENERATE_INFOPLIST_FILE = YES;
				INFOPLIST_FILE = TestForWork/SupportingFiles/Info.plist;
				INFOPLIST_KEY_UIApplicationSupportsIndirectInputEvents = YES;
				INFOPLIST_KEY_UILaunchStoryboardName = LaunchScreen;
				INFOPLIST_KEY_UIMainStoryboardFile = Main;
				INFOPLIST_KEY_UISupportedInterfaceOrientations_iPad = "UIInterfaceOrientationPortrait UIInterfaceOrientationPortraitUpsideDown UIInterfaceOrientationLandscapeLeft UIInterfaceOrientationLandscapeRight";
				INFOPLIST_KEY_UISupportedInterfaceOrientations_iPhone = "UIInterfaceOrientationPortrait UIInterfaceOrientationLandscapeLeft UIInterfaceOrientationLandscapeRight";
				LD_RUNPATH_SEARCH_PATHS = (
					"$(inherited)",
					"@executable_path/Frameworks",
				);
				MARKETING_VERSION = 1.0;
				PRODUCT_BUNDLE_IDENTIFIER = "Alik-and-CO.TestForWork";
				PRODUCT_NAME = "$(TARGET_NAME)";
				SWIFT_EMIT_LOC_STRINGS = YES;
				SWIFT_VERSION = 5.0;
				TARGETED_DEVICE_FAMILY = "1,2";
			};
			name = Debug;
		};
		1D36A9CD283F8CB900494F39 /* Release */ = {
			isa = XCBuildConfiguration;
			buildSettings = {
				ASSETCATALOG_COMPILER_APPICON_NAME = AppIcon;
				ASSETCATALOG_COMPILER_GLOBAL_ACCENT_COLOR_NAME = AccentColor;
				CODE_SIGN_STYLE = Automatic;
				CURRENT_PROJECT_VERSION = 1;
				DEVELOPMENT_TEAM = JFBLHQ46UV;
				GENERATE_INFOPLIST_FILE = YES;
				INFOPLIST_FILE = TestForWork/SupportingFiles/Info.plist;
				INFOPLIST_KEY_UIApplicationSupportsIndirectInputEvents = YES;
				INFOPLIST_KEY_UILaunchStoryboardName = LaunchScreen;
				INFOPLIST_KEY_UIMainStoryboardFile = Main;
				INFOPLIST_KEY_UISupportedInterfaceOrientations_iPad = "UIInterfaceOrientationPortrait UIInterfaceOrientationPortraitUpsideDown UIInterfaceOrientationLandscapeLeft UIInterfaceOrientationLandscapeRight";
				INFOPLIST_KEY_UISupportedInterfaceOrientations_iPhone = "UIInterfaceOrientationPortrait UIInterfaceOrientationLandscapeLeft UIInterfaceOrientationLandscapeRight";
				LD_RUNPATH_SEARCH_PATHS = (
					"$(inherited)",
					"@executable_path/Frameworks",
				);
				MARKETING_VERSION = 1.0;
				PRODUCT_BUNDLE_IDENTIFIER = "Alik-and-CO.TestForWork";
				PRODUCT_NAME = "$(TARGET_NAME)";
				SWIFT_EMIT_LOC_STRINGS = YES;
				SWIFT_VERSION = 5.0;
				TARGETED_DEVICE_FAMILY = "1,2";
			};
			name = Release;
		};
/* End XCBuildConfiguration section */

/* Begin XCConfigurationList section */
		1D36A9B2283F8CB900494F39 /* Build configuration list for PBXProject "TestForWork" */ = {
			isa = XCConfigurationList;
			buildConfigurations = (
				1D36A9C9283F8CB900494F39 /* Debug */,
				1D36A9CA283F8CB900494F39 /* Release */,
			);
			defaultConfigurationIsVisible = 0;
			defaultConfigurationName = Release;
		};
		1D36A9CB283F8CB900494F39 /* Build configuration list for PBXNativeTarget "TestForWork" */ = {
			isa = XCConfigurationList;
			buildConfigurations = (
				1D36A9CC283F8CB900494F39 /* Debug */,
				1D36A9CD283F8CB900494F39 /* Release */,
			);
			defaultConfigurationIsVisible = 0;
			defaultConfigurationName = Release;
		};
/* End XCConfigurationList section */
	};
	rootObject = 1D36A9AF283F8CB900494F39 /* Project object */;
}
